
Microsoft Visual Studio Solution File, Format Version 12.00
# Visual Studio Version 17
VisualStudioVersion = 17.13.35828.75 d17.13
MinimumVisualStudioVersion = 10.0.40219.1
Project("{FAE04EC0-301F-11D3-BF4B-00C04F79EFBC}") = "12 - 20 mai", "12 - 20 mai\12 - 20 mai.csproj", "{A920377B-7ED8-4789-A9E7-3DBCE4C19EF7}"
EndProject
Global
	GlobalSection(SolutionConfigurationPlatforms) = preSolution
		Debug|Any CPU = Debug|Any CPU
		Release|Any CPU = Release|Any CPU
	EndGlobalSection
	GlobalSection(ProjectConfigurationPlatforms) = postSolution
		{A920377B-7ED8-4789-A9E7-3DBCE4C19EF7}.Debug|Any CPU.ActiveCfg = Debug|Any CPU
		{A920377B-7ED8-4789-A9E7-3DBCE4C19EF7}.Debug|Any CPU.Build.0 = Debug|Any CPU
		{A920377B-7ED8-4789-A9E7-3DBCE4C19EF7}.Release|Any CPU.ActiveCfg = Release|Any CPU
		{A920377B-7ED8-4789-A9E7-3DBCE4C19EF7}.Release|Any CPU.Build.0 = Release|Any CPU
	EndGlobalSection
	GlobalSection(SolutionProperties) = preSolution
		HideSolutionNode = FALSE
	EndGlobalSection
	GlobalSection(ExtensibilityGlobals) = postSolution
		SolutionGuid = {ABC74712-536A-4D11-AC8A-1EFD50919689}
	EndGlobalSection
EndGlobal
