
Microsoft Visual Studio Solution File, Format Version 12.00
# Visual Studio Version 17
VisualStudioVersion = 17.13.35828.75 d17.13
MinimumVisualStudioVersion = 10.0.40219.1
Project("{FAE04EC0-301F-11D3-BF4B-00C04F79EFBC}") = "06 - 01.04.2025", "06 - 01.04.2025\06 - 01.04.2025.csproj", "{2EE79C8F-E502-4429-9071-614E95DFF0DD}"
EndProject
Global
	GlobalSection(SolutionConfigurationPlatforms) = preSolution
		Debug|Any CPU = Debug|Any CPU
		Release|Any CPU = Release|Any CPU
	EndGlobalSection
	GlobalSection(ProjectConfigurationPlatforms) = postSolution
		{2EE79C8F-E502-4429-9071-614E95DFF0DD}.Debug|Any CPU.ActiveCfg = Debug|Any CPU
		{2EE79C8F-E502-4429-9071-614E95DFF0DD}.Debug|Any CPU.Build.0 = Debug|Any CPU
		{2EE79C8F-E502-4429-9071-614E95DFF0DD}.Release|Any CPU.ActiveCfg = Release|Any CPU
		{2EE79C8F-E502-4429-9071-614E95DFF0DD}.Release|Any CPU.Build.0 = Release|Any CPU
	EndGlobalSection
	GlobalSection(SolutionProperties) = preSolution
		HideSolutionNode = FALSE
	EndGlobalSection
	GlobalSection(ExtensibilityGlobals) = postSolution
		SolutionGuid = {B8EB14B4-6228-4110-841E-5B46CC349FAB}
	EndGlobalSection
EndGlobal
